
Microsoft Visual Studio Solution File, Format Version 12.00
# Visual Studio Version 17
VisualStudioVersion = 17.10.35122.118
MinimumVisualStudioVersion = 10.0.40219.1
Project("{8BC9CEB8-8B4A-11D0-8D11-00A0C91BC942}") = "WinAPI", "WinAPI\WinAPI.vcxproj", "{6C835D34-2D31-4BCE-8BB1-4B25A1FF7B76}"
EndProject
Project("{8BC9CEB8-8B4A-11D0-8D11-00A0C91BC942}") = "DialogBox", "DialogBox\DialogBox.vcxproj", "{B5578259-57A6-4278-9C1A-376FD0A0AAE8}"
EndProject
Project("{8BC9CEB8-8B4A-11D0-8D11-00A0C91BC942}") = "ComboBox", "ComboBox\ComboBox.vcxproj", "{0DBAACC4-1DAE-44B8-9815-6DAAE5B93B02}"
EndProject
Project("{8BC9CEB8-8B4A-11D0-8D11-00A0C91BC942}") = "ListBox", "ListBox\ListBox.vcxproj", "{357718E9-EEAD-4DD4-8EDB-FE4DAA68975C}"
EndProject
Project("{8BC9CEB8-8B4A-11D0-8D11-00A0C91BC942}") = "MainWindow", "MainWindow\MainWindow.vcxproj", "{9A87E0F7-913F-4280-9219-D0D2C0080AD4}"
EndProject
Project("{8BC9CEB8-8B4A-11D0-8D11-00A0C91BC942}") = "Calc", "Calc\Calc.vcxproj", "{3994A447-64A1-4C9D-B5C6-B25B26F8DC86}"
EndProject
Global
	GlobalSection(SolutionConfigurationPlatforms) = preSolution
		Debug|x64 = Debug|x64
		Debug|x86 = Debug|x86
		Release|x64 = Release|x64
		Release|x86 = Release|x86
	EndGlobalSection
	GlobalSection(ProjectConfigurationPlatforms) = postSolution
		{6C835D34-2D31-4BCE-8BB1-4B25A1FF7B76}.Debug|x64.ActiveCfg = Debug|x64
		{6C835D34-2D31-4BCE-8BB1-4B25A1FF7B76}.Debug|x64.Build.0 = Debug|x64
		{6C835D34-2D31-4BCE-8BB1-4B25A1FF7B76}.Debug|x86.ActiveCfg = Debug|Win32
		{6C835D34-2D31-4BCE-8BB1-4B25A1FF7B76}.Debug|x86.Build.0 = Debug|Win32
		{6C835D34-2D31-4BCE-8BB1-4B25A1FF7B76}.Release|x64.ActiveCfg = Release|x64
		{6C835D34-2D31-4BCE-8BB1-4B25A1FF7B76}.Release|x64.Build.0 = Release|x64
		{6C835D34-2D31-4BCE-8BB1-4B25A1FF7B76}.Release|x86.ActiveCfg = Release|Win32
		{6C835D34-2D31-4BCE-8BB1-4B25A1FF7B76}.Release|x86.Build.0 = Release|Win32
		{B5578259-57A6-4278-9C1A-376FD0A0AAE8}.Debug|x64.ActiveCfg = Debug|x64
		{B5578259-57A6-4278-9C1A-376FD0A0AAE8}.Debug|x64.Build.0 = Debug|x64
		{B5578259-57A6-4278-9C1A-376FD0A0AAE8}.Debug|x86.ActiveCfg = Debug|Win32
		{B5578259-57A6-4278-9C1A-376FD0A0AAE8}.Debug|x86.Build.0 = Debug|Win32
		{B5578259-57A6-4278-9C1A-376FD0A0AAE8}.Release|x64.ActiveCfg = Release|x64
		{B5578259-57A6-4278-9C1A-376FD0A0AAE8}.Release|x64.Build.0 = Release|x64
		{B5578259-57A6-4278-9C1A-376FD0A0AAE8}.Release|x86.ActiveCfg = Release|Win32
		{B5578259-57A6-4278-9C1A-376FD0A0AAE8}.Release|x86.Build.0 = Release|Win32
		{0DBAACC4-1DAE-44B8-9815-6DAAE5B93B02}.Debug|x64.ActiveCfg = Debug|x64
		{0DBAACC4-1DAE-44B8-9815-6DAAE5B93B02}.Debug|x64.Build.0 = Debug|x64
		{0DBAACC4-1DAE-44B8-9815-6DAAE5B93B02}.Debug|x86.ActiveCfg = Debug|Win32
		{0DBAACC4-1DAE-44B8-9815-6DAAE5B93B02}.Debug|x86.Build.0 = Debug|Win32
		{0DBAACC4-1DAE-44B8-9815-6DAAE5B93B02}.Release|x64.ActiveCfg = Release|x64
		{0DBAACC4-1DAE-44B8-9815-6DAAE5B93B02}.Release|x64.Build.0 = Release|x64
		{0DBAACC4-1DAE-44B8-9815-6DAAE5B93B02}.Release|x86.ActiveCfg = Release|Win32
		{0DBAACC4-1DAE-44B8-9815-6DAAE5B93B02}.Release|x86.Build.0 = Release|Win32
		{357718E9-EEAD-4DD4-8EDB-FE4DAA68975C}.Debug|x64.ActiveCfg = Debug|x64
		{357718E9-EEAD-4DD4-8EDB-FE4DAA68975C}.Debug|x64.Build.0 = Debug|x64
		{357718E9-EEAD-4DD4-8EDB-FE4DAA68975C}.Debug|x86.ActiveCfg = Debug|Win32
		{357718E9-EEAD-4DD4-8EDB-FE4DAA68975C}.Debug|x86.Build.0 = Debug|Win32
		{357718E9-EEAD-4DD4-8EDB-FE4DAA68975C}.Release|x64.ActiveCfg = Release|x64
		{357718E9-EEAD-4DD4-8EDB-FE4DAA68975C}.Release|x64.Build.0 = Release|x64
		{357718E9-EEAD-4DD4-8EDB-FE4DAA68975C}.Release|x86.ActiveCfg = Release|Win32
		{357718E9-EEAD-4DD4-8EDB-FE4DAA68975C}.Release|x86.Build.0 = Release|Win32
		{9A87E0F7-913F-4280-9219-D0D2C0080AD4}.Debug|x64.ActiveCfg = Debug|x64
		{9A87E0F7-913F-4280-9219-D0D2C0080AD4}.Debug|x64.Build.0 = Debug|x64
		{9A87E0F7-913F-4280-9219-D0D2C0080AD4}.Debug|x86.ActiveCfg = Debug|Win32
		{9A87E0F7-913F-4280-9219-D0D2C0080AD4}.Debug|x86.Build.0 = Debug|Win32
		{9A87E0F7-913F-4280-9219-D0D2C0080AD4}.Release|x64.ActiveCfg = Release|x64
		{9A87E0F7-913F-4280-9219-D0D2C0080AD4}.Release|x64.Build.0 = Release|x64
		{9A87E0F7-913F-4280-9219-D0D2C0080AD4}.Release|x86.ActiveCfg = Release|Win32
		{9A87E0F7-913F-4280-9219-D0D2C0080AD4}.Release|x86.Build.0 = Release|Win32
		{3994A447-64A1-4C9D-B5C6-B25B26F8DC86}.Debug|x64.ActiveCfg = Debug|x64
		{3994A447-64A1-4C9D-B5C6-B25B26F8DC86}.Debug|x64.Build.0 = Debug|x64
		{3994A447-64A1-4C9D-B5C6-B25B26F8DC86}.Debug|x86.ActiveCfg = Debug|Win32
		{3994A447-64A1-4C9D-B5C6-B25B26F8DC86}.Debug|x86.Build.0 = Debug|Win32
		{3994A447-64A1-4C9D-B5C6-B25B26F8DC86}.Release|x64.ActiveCfg = Release|x64
		{3994A447-64A1-4C9D-B5C6-B25B26F8DC86}.Release|x64.Build.0 = Release|x64
		{3994A447-64A1-4C9D-B5C6-B25B26F8DC86}.Release|x86.ActiveCfg = Release|Win32
		{3994A447-64A1-4C9D-B5C6-B25B26F8DC86}.Release|x86.Build.0 = Release|Win32
	EndGlobalSection
	GlobalSection(SolutionProperties) = preSolution
		HideSolutionNode = FALSE
	EndGlobalSection
	GlobalSection(ExtensibilityGlobals) = postSolution
		SolutionGuid = {4D47D675-2E01-477E-BD2E-1BB44E5155CF}
	EndGlobalSection
EndGlobal
